
Microsoft Visual Studio Solution File, Format Version 12.00
# Visual Studio Version 16
VisualStudioVersion = 16.0.31112.23
MinimumVisualStudioVersion = 10.0.40219.1
Project("{9A19103F-16F7-4668-BE54-9A1E7A4F7556}") = "TiendaServicios.Api.Autor", "TiendaServicios.Api.Autor\TiendaServicios.Api.Autor.csproj", "{5BCCFF95-9F3B-4893-A1FA-5819D042EDFB}"
EndProject
Project("{9A19103F-16F7-4668-BE54-9A1E7A4F7556}") = "TiendaServicios.Api.Libro", "TiendaServicios.Api.Libro\TiendaServicios.Api.Libro.csproj", "{5A4711DD-F141-4F3B-ABAC-B54813C8DD41}"
EndProject
Project("{9A19103F-16F7-4668-BE54-9A1E7A4F7556}") = "TiendaServicios.Api.CarritoCompra", "TiendaServicios.Api.CarritoCompra\TiendaServicios.Api.CarritoCompra.csproj", "{DD56304B-724C-4A9E-8205-B37B6A4B0D19}"
EndProject
Project("{FAE04EC0-301F-11D3-BF4B-00C04F79EFBC}") = "TiendaServicios.Api.Libro.Tests", "TiendaServicios.Api.Libro.Tests\TiendaServicios.Api.Libro.Tests.csproj", "{A5986E74-61B2-4D48-9E5D-50D2873B1CDC}"
EndProject
Global
	GlobalSection(SolutionConfigurationPlatforms) = preSolution
		Debug|Any CPU = Debug|Any CPU
		Release|Any CPU = Release|Any CPU
	EndGlobalSection
	GlobalSection(ProjectConfigurationPlatforms) = postSolution
		{5BCCFF95-9F3B-4893-A1FA-5819D042EDFB}.Debug|Any CPU.ActiveCfg = Debug|Any CPU
		{5BCCFF95-9F3B-4893-A1FA-5819D042EDFB}.Debug|Any CPU.Build.0 = Debug|Any CPU
		{5BCCFF95-9F3B-4893-A1FA-5819D042EDFB}.Release|Any CPU.ActiveCfg = Release|Any CPU
		{5BCCFF95-9F3B-4893-A1FA-5819D042EDFB}.Release|Any CPU.Build.0 = Release|Any CPU
		{5A4711DD-F141-4F3B-ABAC-B54813C8DD41}.Debug|Any CPU.ActiveCfg = Debug|Any CPU
		{5A4711DD-F141-4F3B-ABAC-B54813C8DD41}.Debug|Any CPU.Build.0 = Debug|Any CPU
		{5A4711DD-F141-4F3B-ABAC-B54813C8DD41}.Release|Any CPU.ActiveCfg = Release|Any CPU
		{5A4711DD-F141-4F3B-ABAC-B54813C8DD41}.Release|Any CPU.Build.0 = Release|Any CPU
		{DD56304B-724C-4A9E-8205-B37B6A4B0D19}.Debug|Any CPU.ActiveCfg = Debug|Any CPU
		{DD56304B-724C-4A9E-8205-B37B6A4B0D19}.Debug|Any CPU.Build.0 = Debug|Any CPU
		{DD56304B-724C-4A9E-8205-B37B6A4B0D19}.Release|Any CPU.ActiveCfg = Release|Any CPU
		{DD56304B-724C-4A9E-8205-B37B6A4B0D19}.Release|Any CPU.Build.0 = Release|Any CPU
		{A5986E74-61B2-4D48-9E5D-50D2873B1CDC}.Debug|Any CPU.ActiveCfg = Debug|Any CPU
		{A5986E74-61B2-4D48-9E5D-50D2873B1CDC}.Debug|Any CPU.Build.0 = Debug|Any CPU
		{A5986E74-61B2-4D48-9E5D-50D2873B1CDC}.Release|Any CPU.ActiveCfg = Release|Any CPU
		{A5986E74-61B2-4D48-9E5D-50D2873B1CDC}.Release|Any CPU.Build.0 = Release|Any CPU
	EndGlobalSection
	GlobalSection(SolutionProperties) = preSolution
		HideSolutionNode = FALSE
	EndGlobalSection
	GlobalSection(ExtensibilityGlobals) = postSolution
		SolutionGuid = {A3EFE6FF-296F-434E-8B50-6AB46ECA985F}
	EndGlobalSection
EndGlobal
